lockfileVersion: '9.0'

settings:
  autoInstallPeers: true
  excludeLinksFromLockfile: false

importers:

  .:
    devDependencies:
      miniprogram-api-typings:
        specifier: ^3.12.2
        version: 3.12.2

packages:

  miniprogram-api-typings@3.12.2:
    resolution: {integrity: sha512-OJB2uVAfhycX4teG/zEVpoThushQqLOx946XACDpVc6OQydiJWjn7djVzvNCbv0VOA7sbHGPQp/RkXD9vMCDEw==}

snapshots:

  miniprogram-api-typings@3.12.2: {}
